
Microsoft Visual Studio Solution File, Format Version 12.00
# Visual Studio Version 17
VisualStudioVersion = 17.2.32630.192
MinimumVisualStudioVersion = 10.0.40219.1
Project("{FAE04EC0-301F-11D3-BF4B-00C04F79EFBC}") = "MyShop", "MyShop\MyShop.csproj", "{15F5CCC0-6E62-4663-A94C-76A417A39ABE}"
EndProject
Global
	GlobalSection(SolutionConfigurationPlatforms) = preSolution
		Debug|Any CPU = Debug|Any CPU
		Release|Any CPU = Release|Any CPU
	EndGlobalSection
	GlobalSection(ProjectConfigurationPlatforms) = postSolution
		{15F5CCC0-6E62-4663-A94C-76A417A39ABE}.Debug|Any CPU.ActiveCfg = Debug|Any CPU
		{15F5CCC0-6E62-4663-A94C-76A417A39ABE}.Debug|Any CPU.Build.0 = Debug|Any CPU
		{15F5CCC0-6E62-4663-A94C-76A417A39ABE}.Release|Any CPU.ActiveCfg = Release|Any CPU
		{15F5CCC0-6E62-4663-A94C-76A417A39ABE}.Release|Any CPU.Build.0 = Release|Any CPU
	EndGlobalSection
	GlobalSection(SolutionProperties) = preSolution
		HideSolutionNode = FALSE
	EndGlobalSection
	GlobalSection(ExtensibilityGlobals) = postSolution
		SolutionGuid = {7809E2BD-3C5D-4AEA-9F8F-B111E1997F70}
	EndGlobalSection
EndGlobal
